
Microsoft Visual Studio Solution File, Format Version 12.00
Project("{FAE04EC0-301F-11D3-BF4B-00C04F79EFBC}") = "RpgCharSheet.AppHost", "RpgCharSheet.AppHost\RpgCharSheet.AppHost.csproj", "{FA621B2C-46DC-467B-BA47-D7C30EB3A9DA}"
EndProject
Project("{FAE04EC0-301F-11D3-BF4B-00C04F79EFBC}") = "RpgCharSheet.ServiceDefaults", "RpgCharSheet.ServiceDefaults\RpgCharSheet.ServiceDefaults.csproj", "{2665D059-DB05-4E43-9A91-33127BDD10B2}"
EndProject
Project("{FAE04EC0-301F-11D3-BF4B-00C04F79EFBC}") = "RpgCharSheet.ApiService", "RpgCharSheet.ApiService\RpgCharSheet.ApiService.csproj", "{F9980E12-0E63-4EF0-AE96-3C7E56C7E906}"
EndProject
Project("{FAE04EC0-301F-11D3-BF4B-00C04F79EFBC}") = "RpgCharSheet.Tests", "RpgCharSheet.Tests\RpgCharSheet.Tests.csproj", "{24A346A8-96B4-4254-B1C3-CE50A80B0714}"
EndProject
Project("{2150E333-8FDC-42A3-9474-1A3956D46DE8}") = "Api", "Api", "{DE3C7676-90F6-4A03-9A61-1E52AE7F2B1A}"
EndProject
Project("{2150E333-8FDC-42A3-9474-1A3956D46DE8}") = "Service", "Service", "{2B97FF5B-BD4C-47A2-A62D-29E6961C0773}"
EndProject
Project("{2150E333-8FDC-42A3-9474-1A3956D46DE8}") = "Tests", "Tests", "{585BC9DE-90BF-4C0A-95EE-4E205E9CB155}"
EndProject
Global
	GlobalSection(SolutionConfigurationPlatforms) = preSolution
		Debug|Any CPU = Debug|Any CPU
		Release|Any CPU = Release|Any CPU
	EndGlobalSection
	GlobalSection(ProjectConfigurationPlatforms) = postSolution
		{FA621B2C-46DC-467B-BA47-D7C30EB3A9DA}.Debug|Any CPU.ActiveCfg = Debug|Any CPU
		{FA621B2C-46DC-467B-BA47-D7C30EB3A9DA}.Debug|Any CPU.Build.0 = Debug|Any CPU
		{FA621B2C-46DC-467B-BA47-D7C30EB3A9DA}.Release|Any CPU.ActiveCfg = Release|Any CPU
		{FA621B2C-46DC-467B-BA47-D7C30EB3A9DA}.Release|Any CPU.Build.0 = Release|Any CPU
		{2665D059-DB05-4E43-9A91-33127BDD10B2}.Debug|Any CPU.ActiveCfg = Debug|Any CPU
		{2665D059-DB05-4E43-9A91-33127BDD10B2}.Debug|Any CPU.Build.0 = Debug|Any CPU
		{2665D059-DB05-4E43-9A91-33127BDD10B2}.Release|Any CPU.ActiveCfg = Release|Any CPU
		{2665D059-DB05-4E43-9A91-33127BDD10B2}.Release|Any CPU.Build.0 = Release|Any CPU
		{F9980E12-0E63-4EF0-AE96-3C7E56C7E906}.Debug|Any CPU.ActiveCfg = Debug|Any CPU
		{F9980E12-0E63-4EF0-AE96-3C7E56C7E906}.Debug|Any CPU.Build.0 = Debug|Any CPU
		{F9980E12-0E63-4EF0-AE96-3C7E56C7E906}.Release|Any CPU.ActiveCfg = Release|Any CPU
		{F9980E12-0E63-4EF0-AE96-3C7E56C7E906}.Release|Any CPU.Build.0 = Release|Any CPU
		{24A346A8-96B4-4254-B1C3-CE50A80B0714}.Debug|Any CPU.ActiveCfg = Debug|Any CPU
		{24A346A8-96B4-4254-B1C3-CE50A80B0714}.Debug|Any CPU.Build.0 = Debug|Any CPU
		{24A346A8-96B4-4254-B1C3-CE50A80B0714}.Release|Any CPU.ActiveCfg = Release|Any CPU
		{24A346A8-96B4-4254-B1C3-CE50A80B0714}.Release|Any CPU.Build.0 = Release|Any CPU
	EndGlobalSection
	GlobalSection(NestedProjects) = preSolution
		{F9980E12-0E63-4EF0-AE96-3C7E56C7E906} = {DE3C7676-90F6-4A03-9A61-1E52AE7F2B1A}
		{2665D059-DB05-4E43-9A91-33127BDD10B2} = {DE3C7676-90F6-4A03-9A61-1E52AE7F2B1A}
		{24A346A8-96B4-4254-B1C3-CE50A80B0714} = {585BC9DE-90BF-4C0A-95EE-4E205E9CB155}
	EndGlobalSection
EndGlobal
